
Microsoft Visual Studio Solution File, Format Version 12.00
# Visual Studio 2012
Project("{FAE04EC0-301F-11D3-BF4B-00C04F79EFBC}") = "CactpotSolver", "CactpotSolver\CactpotSolver.csproj", "{4908D4CA-3FD7-45D2-B184-BF18FED2ED4C}"
EndProject
Project("{FAE04EC0-301F-11D3-BF4B-00C04F79EFBC}") = "CactpotUI", "CactpotUI\CactpotUI.csproj", "{25B8727D-92AC-4947-B485-124EC68755FF}"
EndProject
Project("{F2A71F9B-5D33-465A-A702-920D77279786}") = "FsCactpotSolver", "FsCactpotSolver\FsCactpotSolver.fsproj", "{D2BF0082-AFDD-41B2-BC5C-04FA3792AF87}"
EndProject
Global
	GlobalSection(SolutionConfigurationPlatforms) = preSolution
		Debug|Any CPU = Debug|Any CPU
		Release|Any CPU = Release|Any CPU
	EndGlobalSection
	GlobalSection(ProjectConfigurationPlatforms) = postSolution
		{4908D4CA-3FD7-45D2-B184-BF18FED2ED4C}.Debug|Any CPU.ActiveCfg = Debug|Any CPU
		{4908D4CA-3FD7-45D2-B184-BF18FED2ED4C}.Debug|Any CPU.Build.0 = Debug|Any CPU
		{4908D4CA-3FD7-45D2-B184-BF18FED2ED4C}.Release|Any CPU.ActiveCfg = Release|Any CPU
		{4908D4CA-3FD7-45D2-B184-BF18FED2ED4C}.Release|Any CPU.Build.0 = Release|Any CPU
		{25B8727D-92AC-4947-B485-124EC68755FF}.Debug|Any CPU.ActiveCfg = Debug|Any CPU
		{25B8727D-92AC-4947-B485-124EC68755FF}.Debug|Any CPU.Build.0 = Debug|Any CPU
		{25B8727D-92AC-4947-B485-124EC68755FF}.Release|Any CPU.ActiveCfg = Release|Any CPU
		{25B8727D-92AC-4947-B485-124EC68755FF}.Release|Any CPU.Build.0 = Release|Any CPU
		{D2BF0082-AFDD-41B2-BC5C-04FA3792AF87}.Debug|Any CPU.ActiveCfg = Debug|Any CPU
		{D2BF0082-AFDD-41B2-BC5C-04FA3792AF87}.Debug|Any CPU.Build.0 = Debug|Any CPU
		{D2BF0082-AFDD-41B2-BC5C-04FA3792AF87}.Release|Any CPU.ActiveCfg = Release|Any CPU
		{D2BF0082-AFDD-41B2-BC5C-04FA3792AF87}.Release|Any CPU.Build.0 = Release|Any CPU
	EndGlobalSection
	GlobalSection(SolutionProperties) = preSolution
		HideSolutionNode = FALSE
	EndGlobalSection
EndGlobal
